
Microsoft Visual Studio Solution File, Format Version 12.00
# Visual Studio 14
VisualStudioVersion = 14.0.24720.0
MinimumVisualStudioVersion = 10.0.40219.1
Project("{FAE04EC0-301F-11D3-BF4B-00C04F79EFBC}") = "BlueSwitch", "BlueSwitch\BlueSwitch.csproj", "{6E73821E-6E16-417B-B6E0-6362B9A88A01}"
EndProject
Project("{FAE04EC0-301F-11D3-BF4B-00C04F79EFBC}") = "XnaGeometry", "..\XnaGeometry\XnaGeometry.csproj", "{A4398650-10F4-450F-8E4F-FB3F30A39683}"
EndProject
Project("{FAE04EC0-301F-11D3-BF4B-00C04F79EFBC}") = "Zicore.Settings.Json", "..\Zicore.Settings.Json\Zicore.Settings.Json.csproj", "{831D83A0-7348-4D8C-9857-7B336F7D91EA}"
EndProject
Project("{FAE04EC0-301F-11D3-BF4B-00C04F79EFBC}") = "BlueSwitch.OpcUa", "BlueSwitch.OpcUa\BlueSwitch.OpcUa.csproj", "{15129153-19C9-4568-B743-B9C7E3CF0D94}"
EndProject
Project("{FAE04EC0-301F-11D3-BF4B-00C04F79EFBC}") = "BlueSwitch.Twitter", "BlueSwitch.Twitter\BlueSwitch.Twitter.csproj", "{9B1BCE96-DF71-435D-B8F4-1DCDD38D4D3E}"
EndProject
Project("{FAE04EC0-301F-11D3-BF4B-00C04F79EFBC}") = "BlueSwitch.Outlook", "BlueSwitch.Outlook\BlueSwitch.Outlook.csproj", "{62C34E85-F9F5-4388-A879-4EF19563A24A}"
EndProject
Project("{FAE04EC0-301F-11D3-BF4B-00C04F79EFBC}") = "BlueSwitch.Addons", "BlueSwitch.Addons\BlueSwitch.Addons.csproj", "{23B23940-30FA-4992-8CE6-7DF22E6C2139}"
EndProject
Project("{FAE04EC0-301F-11D3-BF4B-00C04F79EFBC}") = "BlueSwitch.Base", "BlueSwitch.Base\BlueSwitch.Base.csproj", "{CF9AD3F2-6B7B-43AA-84E2-E0D53DB7F2D7}"
EndProject
Global
	GlobalSection(SolutionConfigurationPlatforms) = preSolution
		Debug|Any CPU = Debug|Any CPU
		Release|Any CPU = Release|Any CPU
	EndGlobalSection
	GlobalSection(ProjectConfigurationPlatforms) = postSolution
		{6E73821E-6E16-417B-B6E0-6362B9A88A01}.Debug|Any CPU.ActiveCfg = Debug|Any CPU
		{6E73821E-6E16-417B-B6E0-6362B9A88A01}.Debug|Any CPU.Build.0 = Debug|Any CPU
		{6E73821E-6E16-417B-B6E0-6362B9A88A01}.Release|Any CPU.ActiveCfg = Release|Any CPU
		{6E73821E-6E16-417B-B6E0-6362B9A88A01}.Release|Any CPU.Build.0 = Release|Any CPU
		{A4398650-10F4-450F-8E4F-FB3F30A39683}.Debug|Any CPU.ActiveCfg = Debug|Any CPU
		{A4398650-10F4-450F-8E4F-FB3F30A39683}.Debug|Any CPU.Build.0 = Debug|Any CPU
		{A4398650-10F4-450F-8E4F-FB3F30A39683}.Release|Any CPU.ActiveCfg = Release|Any CPU
		{A4398650-10F4-450F-8E4F-FB3F30A39683}.Release|Any CPU.Build.0 = Release|Any CPU
		{831D83A0-7348-4D8C-9857-7B336F7D91EA}.Debug|Any CPU.ActiveCfg = Debug|Any CPU
		{831D83A0-7348-4D8C-9857-7B336F7D91EA}.Debug|Any CPU.Build.0 = Debug|Any CPU
		{831D83A0-7348-4D8C-9857-7B336F7D91EA}.Release|Any CPU.ActiveCfg = Release|Any CPU
		{831D83A0-7348-4D8C-9857-7B336F7D91EA}.Release|Any CPU.Build.0 = Release|Any CPU
		{15129153-19C9-4568-B743-B9C7E3CF0D94}.Debug|Any CPU.ActiveCfg = Debug|Any CPU
		{15129153-19C9-4568-B743-B9C7E3CF0D94}.Debug|Any CPU.Build.0 = Debug|Any CPU
		{15129153-19C9-4568-B743-B9C7E3CF0D94}.Release|Any CPU.ActiveCfg = Release|Any CPU
		{15129153-19C9-4568-B743-B9C7E3CF0D94}.Release|Any CPU.Build.0 = Release|Any CPU
		{9B1BCE96-DF71-435D-B8F4-1DCDD38D4D3E}.Debug|Any CPU.ActiveCfg = Debug|Any CPU
		{9B1BCE96-DF71-435D-B8F4-1DCDD38D4D3E}.Debug|Any CPU.Build.0 = Debug|Any CPU
		{9B1BCE96-DF71-435D-B8F4-1DCDD38D4D3E}.Release|Any CPU.ActiveCfg = Release|Any CPU
		{9B1BCE96-DF71-435D-B8F4-1DCDD38D4D3E}.Release|Any CPU.Build.0 = Release|Any CPU
		{62C34E85-F9F5-4388-A879-4EF19563A24A}.Debug|Any CPU.ActiveCfg = Debug|Any CPU
		{62C34E85-F9F5-4388-A879-4EF19563A24A}.Debug|Any CPU.Build.0 = Debug|Any CPU
		{62C34E85-F9F5-4388-A879-4EF19563A24A}.Release|Any CPU.ActiveCfg = Release|Any CPU
		{62C34E85-F9F5-4388-A879-4EF19563A24A}.Release|Any CPU.Build.0 = Release|Any CPU
		{23B23940-30FA-4992-8CE6-7DF22E6C2139}.Debug|Any CPU.ActiveCfg = Debug|Any CPU
		{23B23940-30FA-4992-8CE6-7DF22E6C2139}.Debug|Any CPU.Build.0 = Debug|Any CPU
		{23B23940-30FA-4992-8CE6-7DF22E6C2139}.Release|Any CPU.ActiveCfg = Release|Any CPU
		{23B23940-30FA-4992-8CE6-7DF22E6C2139}.Release|Any CPU.Build.0 = Release|Any CPU
		{CF9AD3F2-6B7B-43AA-84E2-E0D53DB7F2D7}.Debug|Any CPU.ActiveCfg = Debug|Any CPU
		{CF9AD3F2-6B7B-43AA-84E2-E0D53DB7F2D7}.Debug|Any CPU.Build.0 = Debug|Any CPU
		{CF9AD3F2-6B7B-43AA-84E2-E0D53DB7F2D7}.Release|Any CPU.ActiveCfg = Release|Any CPU
		{CF9AD3F2-6B7B-43AA-84E2-E0D53DB7F2D7}.Release|Any CPU.Build.0 = Release|Any CPU
	EndGlobalSection
	GlobalSection(SolutionProperties) = preSolution
		HideSolutionNode = FALSE
	EndGlobalSection
EndGlobal
